
Microsoft Visual Studio Solution File, Format Version 12.00
# Visual Studio Version 16
VisualStudioVersion = 16.0.30517.126
MinimumVisualStudioVersion = 10.0.40219.1
Project("{FAE04EC0-301F-11D3-BF4B-00C04F79EFBC}") = "WebProjekt-Beispiel", "WebProjekt-Beispiel\WebProjekt-Beispiel.csproj", "{47B210A6-BBEA-4270-B9F3-E9D34AA7DB39}"
EndProject
Global
	GlobalSection(SolutionConfigurationPlatforms) = preSolution
		Debug|Any CPU = Debug|Any CPU
		Release|Any CPU = Release|Any CPU
	EndGlobalSection
	GlobalSection(ProjectConfigurationPlatforms) = postSolution
		{47B210A6-BBEA-4270-B9F3-E9D34AA7DB39}.Debug|Any CPU.ActiveCfg = Debug|Any CPU
		{47B210A6-BBEA-4270-B9F3-E9D34AA7DB39}.Debug|Any CPU.Build.0 = Debug|Any CPU
		{47B210A6-BBEA-4270-B9F3-E9D34AA7DB39}.Release|Any CPU.ActiveCfg = Release|Any CPU
		{47B210A6-BBEA-4270-B9F3-E9D34AA7DB39}.Release|Any CPU.Build.0 = Release|Any CPU
	EndGlobalSection
	GlobalSection(SolutionProperties) = preSolution
		HideSolutionNode = FALSE
	EndGlobalSection
	GlobalSection(ExtensibilityGlobals) = postSolution
		SolutionGuid = {A9833FBE-4B43-4781-BE90-C227A589B072}
	EndGlobalSection
EndGlobal
